<Solution>
  <Folder Name="/src/">
    <Project Path="src/ProtocolFramework.Core/ProtocolFramework.Core.csproj" />
    <Project Path="src/ProtocolFramework.Host/ProtocolFramework.Host.csproj" />
    <Project Path="src/WebGame.ConsoleClient/WebGame.ConsoleClient.csproj" />
    <Project Path="src/WebGame.Core/WebGame.Core.csproj" />
    <Project Path="src/WebGame.Host/WebGame.Host.csproj" />
  </Folder>
</Solution>
